
Microsoft Visual Studio Solution File, Format Version 12.00
# Visual Studio Version 16
VisualStudioVersion = 16.0.31613.86
MinimumVisualStudioVersion = 10.0.40219.1
Project("{FAE04EC0-301F-11D3-BF4B-00C04F79EFBC}") = "EmailGonderme", "EmailGonderme\EmailGonderme.csproj", "{CA5FBB5D-9309-4F24-9ED2-7DE4AC1354BB}"
EndProject
Global
	GlobalSection(SolutionConfigurationPlatforms) = preSolution
		Debug|Any CPU = Debug|Any CPU
		Release|Any CPU = Release|Any CPU
	EndGlobalSection
	GlobalSection(ProjectConfigurationPlatforms) = postSolution
		{CA5FBB5D-9309-4F24-9ED2-7DE4AC1354BB}.Debug|Any CPU.ActiveCfg = Debug|Any CPU
		{CA5FBB5D-9309-4F24-9ED2-7DE4AC1354BB}.Debug|Any CPU.Build.0 = Debug|Any CPU
		{CA5FBB5D-9309-4F24-9ED2-7DE4AC1354BB}.Release|Any CPU.ActiveCfg = Release|Any CPU
		{CA5FBB5D-9309-4F24-9ED2-7DE4AC1354BB}.Release|Any CPU.Build.0 = Release|Any CPU
	EndGlobalSection
	GlobalSection(SolutionProperties) = preSolution
		HideSolutionNode = FALSE
	EndGlobalSection
	GlobalSection(ExtensibilityGlobals) = postSolution
		SolutionGuid = {55694A91-9FF6-45DE-B395-A8AF01FAFC80}
	EndGlobalSection
EndGlobal
